// !$*UTF8*$!
{
	archiveVersion = 1;
	classes = {
	};
	objectVersion = 55;
	objects = {

/* Begin PBXBuildFile section */
		DE61A5BB27A26B530034D52D /* AppDelegate.swift in Sources */ = {isa = PBXBuildFile; fileRef = DE61A5BA27A26B530034D52D /* AppDelegate.swift */; };
		DE61A5BD27A26B530034D52D /* SceneDelegate.swift in Sources */ = {isa = PBXBuildFile; fileRef = DE61A5BC27A26B530034D52D /* SceneDelegate.swift */; };
		DE61A5BF27A26B530034D52D /* StationSearchViewController.swift in Sources */ = {isa = PBXBuildFile; fileRef = DE61A5BE27A26B530034D52D /* StationSearchViewController.swift */; };
		DE61A5C427A26B540034D52D /* Assets.xcassets in Resources */ = {isa = PBXBuildFile; fileRef = DE61A5C327A26B540034D52D /* Assets.xcassets */; };
		DE61A5C727A26B540034D52D /* LaunchScreen.storyboard in Resources */ = {isa = PBXBuildFile; fileRef = DE61A5C527A26B540034D52D /* LaunchScreen.storyboard */; };
		DE61A5D027A26D1B0034D52D /* SnapKit in Frameworks */ = {isa = PBXBuildFile; productRef = DE61A5CF27A26D1B0034D52D /* SnapKit */; };
		DE61A5D327A26D490034D52D /* Alamofire in Frameworks */ = {isa = PBXBuildFile; productRef = DE61A5D227A26D490034D52D /* Alamofire */; };
		DE96C98727A367A300D28E3D /* StationDetailViewController.swift in Sources */ = {isa = PBXBuildFile; fileRef = DE96C98627A367A300D28E3D /* StationDetailViewController.swift */; };
		DE96C98927A36A3300D28E3D /* StationDetaillCollectionViewCell.swift in Sources */ = {isa = PBXBuildFile; fileRef = DE96C98827A36A3300D28E3D /* StationDetaillCollectionViewCell.swift */; };
/* End PBXBuildFile section */

/* Begin PBXFileReference section */
		DE61A5B727A26B530034D52D /* Subway.app */ = {isa = PBXFileReference; explicitFileType = wrapper.application; includeInIndex = 0; path = Subway.app; sourceTree = BUILT_PRODUCTS_DIR; };
		DE61A5BA27A26B530034D52D /* AppDelegate.swift */ = {isa = PBXFileReference; lastKnownFileType = sourcecode.swift; path = AppDelegate.swift; sourceTree = "<group>"; };
		DE61A5BC27A26B530034D52D /* SceneDelegate.swift */ = {isa = PBXFileReference; lastKnownFileType = sourcecode.swift; path = SceneDelegate.swift; sourceTree = "<group>"; };
		DE61A5BE27A26B530034D52D /* StationSearchViewController.swift */ = {isa = PBXFileReference; lastKnownFileType = sourcecode.swift; path = StationSearchViewController.swift; sourceTree = "<group>"; };
		DE61A5C327A26B540034D52D /* Assets.xcassets */ = {isa = PBXFileReference; lastKnownFileType = folder.assetcatalog; path = Assets.xcassets; sourceTree = "<group>"; };
		DE61A5C627A26B540034D52D /* Base */ = {isa = PBXFileReference; lastKnownFileType = file.storyboard; name = Base; path = Base.lproj/LaunchScreen.storyboard; sourceTree = "<group>"; };
		DE61A5C827A26B540034D52D /* Info.plist */ = {isa = PBXFileReference; lastKnownFileType = text.plist.xml; path = Info.plist; sourceTree = "<group>"; };
		DE96C98627A367A300D28E3D /* StationDetailViewController.swift */ = {isa = PBXFileReference; lastKnownFileType = sourcecode.swift; path = StationDetailViewController.swift; sourceTree = "<group>"; };
		DE96C98827A36A3300D28E3D /* StationDetaillCollectionViewCell.swift */ = {isa = PBXFileReference; lastKnownFileType = sourcecode.swift; path = StationDetaillCollectionViewCell.swift; sourceTree = "<group>"; };
/* End PBXFileReference section */

/* Begin PBXFrameworksBuildPhase section */
		DE61A5B427A26B530034D52D /* Frameworks */ = {
			isa = PBXFrameworksBuildPhase;
			buildActionMask = 2147483647;
			files = (
				DE61A5D027A26D1B0034D52D /* SnapKit in Frameworks */,
				DE61A5D327A26D490034D52D /* Alamofire in Frameworks */,
			);
			runOnlyForDeploymentPostprocessing = 0;
		};
/* End PBXFrameworksBuildPhase section */

/* Begin PBXGroup section */
		DE61A5AE27A26B530034D52D = {
			isa = PBXGroup;
			children = (
				DE61A5B927A26B530034D52D /* Subway */,
				DE61A5B827A26B530034D52D /* Products */,
			);
			sourceTree = "<group>";
		};
		DE61A5B827A26B530034D52D /* Products */ = {
			isa = PBXGroup;
			children = (
				DE61A5B727A26B530034D52D /* Subway.app */,
			);
			name = Products;
			sourceTree = "<group>";
		};
		DE61A5B927A26B530034D52D /* Subway */ = {
			isa = PBXGroup;
			children = (
				DE96C98527A3678300D28E3D /* Controller */,
				DE61A5BA27A26B530034D52D /* AppDelegate.swift */,
				DE61A5BC27A26B530034D52D /* SceneDelegate.swift */,
				DE61A5C327A26B540034D52D /* Assets.xcassets */,
				DE61A5C527A26B540034D52D /* LaunchScreen.storyboard */,
				DE61A5C827A26B540034D52D /* Info.plist */,
			);
			path = Subway;
			sourceTree = "<group>";
		};
		DE96C98527A3678300D28E3D /* Controller */ = {
			isa = PBXGroup;
			children = (
				DE61A5BE27A26B530034D52D /* StationSearchViewController.swift */,
				DE96C98627A367A300D28E3D /* StationDetailViewController.swift */,
				DE96C98827A36A3300D28E3D /* StationDetaillCollectionViewCell.swift */,
			);
			path = Controller;
			sourceTree = "<group>";
		};
/* End PBXGroup section */

/* Begin PBXNativeTarget section */
		DE61A5B627A26B530034D52D /* Subway */ = {
			isa = PBXNativeTarget;
			buildConfigurationList = DE61A5CB27A26B540034D52D /* Build configuration list for PBXNativeTarget "Subway" */;
			buildPhases = (
				DE61A5B327A26B530034D52D /* Sources */,
				DE61A5B427A26B530034D52D /* Frameworks */,
				DE61A5B527A26B530034D52D /* Resources */,
			);
			buildRules = (
			);
			dependencies = (
			);
			name = Subway;
			packageProductDependencies = (
				DE61A5CF27A26D1B0034D52D /* SnapKit */,
				DE61A5D227A26D490034D52D /* Alamofire */,
			);
			productName = Subway;
			productReference = DE61A5B727A26B530034D52D /* Subway.app */;
			productType = "com.apple.product-type.application";
		};
/* End PBXNativeTarget section */

/* Begin PBXProject section */
		DE61A5AF27A26B530034D52D /* Project object */ = {
			isa = PBXProject;
			attributes = {
				BuildIndependentTargetsInParallel = 1;
				LastSwiftUpdateCheck = 1320;
				LastUpgradeCheck = 1320;
				TargetAttributes = {
					DE61A5B627A26B530034D52D = {
						CreatedOnToolsVersion = 13.2.1;
					};
				};
			};
			buildConfigurationList = DE61A5B227A26B530034D52D /* Build configuration list for PBXProject "Subway" */;
			compatibilityVersion = "Xcode 13.0";
			developmentRegion = en;
			hasScannedForEncodings = 0;
			knownRegions = (
				en,
				Base,
			);
			mainGroup = DE61A5AE27A26B530034D52D;
			packageReferences = (
				DE61A5CE27A26D1B0034D52D /* XCRemoteSwiftPackageReference "SnapKit" */,
				DE61A5D127A26D490034D52D /* XCRemoteSwiftPackageReference "Alamofire" */,
			);
			productRefGroup = DE61A5B827A26B530034D52D /* Products */;
			projectDirPath = "";
			projectRoot = "";
			targets = (
				DE61A5B627A26B530034D52D /* Subway */,
			);
		};
/* End PBXProject section */

/* Begin PBXResourcesBuildPhase section */
		DE61A5B527A26B530034D52D /* Resources */ = {
			isa = PBXResourcesBuildPhase;
			buildActionMask = 2147483647;
			files = (
				DE61A5C727A26B540034D52D /* LaunchScreen.storyboard in Resources */,
				DE61A5C427A26B540034D52D /* Assets.xcassets in Resources */,
			);
			runOnlyForDeploymentPostprocessing = 0;
		};
/* End PBXResourcesBuildPhase section */

/* Begin PBXSourcesBuildPhase section */
		DE61A5B327A26B530034D52D /* Sources */ = {
			isa = PBXSourcesBuildPhase;
			buildActionMask = 2147483647;
			files = (
				DE96C98727A367A300D28E3D /* StationDetailViewController.swift in Sources */,
				DE61A5BF27A26B530034D52D /* StationSearchViewController.swift in Sources */,
				DE61A5BB27A26B530034D52D /* AppDelegate.swift in Sources */,
				DE61A5BD27A26B530034D52D /* SceneDelegate.swift in Sources */,
				DE96C98927A36A3300D28E3D /* StationDetaillCollectionViewCell.swift in Sources */,
			);
			runOnlyForDeploymentPostprocessing = 0;
		};
/* End PBXSourcesBuildPhase section */

/* Begin PBXVariantGroup section */
		DE61A5C527A26B540034D52D /* LaunchScreen.storyboard */ = {
			isa = PBXVariantGroup;
			children = (
				DE61A5C627A26B540034D52D /* Base */,
			);
			name = LaunchScreen.storyboard;
			sourceTree = "<group>";
		};
/* End PBXVariantGroup section */

/* Begin XCBuildConfiguration section */
		DE61A5C927A26B540034D52D /* Debug */ = {
			isa = XCBuildConfiguration;
			buildSettings = {
				ALWAYS_SEARCH_USER_PATHS = NO;
				CLANG_ANALYZER_NONNULL = YES;
				CLANG_ANALYZER_NUMBER_OBJECT_CONVERSION = YES_AGGRESSIVE;
				CLANG_CXX_LANGUAGE_STANDARD = "gnu++17";
				CLANG_CXX_LIBRARY = "libc++";
				CLANG_ENABLE_MODULES = YES;
				CLANG_ENABLE_OBJC_ARC = YES;
				CLANG_ENABLE_OBJC_WEAK = YES;
				CLANG_WARN_BLOCK_CAPTURE_AUTORELEASING = YES;
				CLANG_WARN_BOOL_CONVERSION = YES;
				CLANG_WARN_COMMA = YES;
				CLANG_WARN_CONSTANT_CONVERSION = YES;
				CLANG_WARN_DEPRECATED_OBJC_IMPLEMENTATIONS = YES;
				CLANG_WARN_DIRECT_OBJC_ISA_USAGE = YES_ERROR;
				CLANG_WARN_DOCUMENTATION_COMMENTS = YES;
				CLANG_WARN_EMPTY_BODY = YES;
				CLANG_WARN_ENUM_CONVERSION = YES;
				CLANG_WARN_INFINITE_RECURSION = YES;
				CLANG_WARN_INT_CONVERSION = YES;
				CLANG_WARN_NON_LITERAL_NULL_CONVERSION = YES;
				CLANG_WARN_OBJC_IMPLICIT_RETAIN_SELF = YES;
				CLANG_WARN_OBJC_LITERAL_CONVERSION = YES;
				CLANG_WARN_OBJC_ROOT_CLASS = YES_ERROR;
				CLANG_WARN_QUOTED_INCLUDE_IN_FRAMEWORK_HEADER = YES;
				CLANG_WARN_RANGE_LOOP_ANALYSIS = YES;
				CLANG_WARN_STRICT_PROTOTYPES = YES;
				CLANG_WARN_SUSPICIOUS_MOVE = YES;
				CLANG_WARN_UNGUARDED_AVAILABILITY = YES_AGGRESSIVE;
				CLANG_WARN_UNREACHABLE_CODE = YES;
				CLANG_WARN__DUPLICATE_METHOD_MATCH = YES;
				COPY_PHASE_STRIP = NO;
				DEBUG_INFORMATION_FORMAT = dwarf;
				ENABLE_STRICT_OBJC_MSGSEND = YES;
				ENABLE_TESTABILITY = YES;
				GCC_C_LANGUAGE_STANDARD = gnu11;
				GCC_DYNAMIC_NO_PIC = NO;
				GCC_NO_COMMON_BLOCKS = YES;
				GCC_OPTIMIZATION_LEVEL = 0;
				GCC_PREPROCESSOR_DEFINITIONS = (
					"DEBUG=1",
					"$(inherited)",
				);
				GCC_WARN_64_TO_32_BIT_CONVERSION = YES;
				GCC_WARN_ABOUT_RETURN_TYPE = YES_ERROR;
				GCC_WARN_UNDECLARED_SELECTOR = YES;
				GCC_WARN_UNINITIALIZED_AUTOS = YES_AGGRESSIVE;
				GCC_WARN_UNUSED_FUNCTION = YES;
				GCC_WARN_UNUSED_VARIABLE = YES;
				IPHONEOS_DEPLOYMENT_TARGET = 15.2;
				MTL_ENABLE_DEBUG_INFO = INCLUDE_SOURCE;
				MTL_FAST_MATH = YES;
				ONLY_ACTIVE_ARCH = YES;
				SDKROOT = iphoneos;
				SWIFT_ACTIVE_COMPILATION_CONDITIONS = DEBUG;
				SWIFT_OPTIMIZATION_LEVEL = "-Onone";
			};
			name = Debug;
		};
		DE61A5CA27A26B540034D52D /* Release */ = {
			isa = XCBuildConfiguration;
			buildSettings = {
				ALWAYS_SEARCH_USER_PATHS = NO;
				CLANG_ANALYZER_NONNULL = YES;
				CLANG_ANALYZER_NUMBER_OBJECT_CONVERSION = YES_AGGRESSIVE;
				CLANG_CXX_LANGUAGE_STANDARD = "gnu++17";
				CLANG_CXX_LIBRARY = "libc++";
				CLANG_ENABLE_MODULES = YES;
				CLANG_ENABLE_OBJC_ARC = YES;
				CLANG_ENABLE_OBJC_WEAK = YES;
				CLANG_WARN_BLOCK_CAPTURE_AUTORELEASING = YES;
				CLANG_WARN_BOOL_CONVERSION = YES;
				CLANG_WARN_COMMA = YES;
				CLANG_WARN_CONSTANT_CONVERSION = YES;
				CLANG_WARN_DEPRECATED_OBJC_IMPLEMENTATIONS = YES;
				CLANG_WARN_DIRECT_OBJC_ISA_USAGE = YES_ERROR;
				CLANG_WARN_DOCUMENTATION_COMMENTS = YES;
				CLANG_WARN_EMPTY_BODY = YES;
				CLANG_WARN_ENUM_CONVERSION = YES;
				CLANG_WARN_INFINITE_RECURSION = YES;
				CLANG_WARN_INT_CONVERSION = YES;
				CLANG_WARN_NON_LITERAL_NULL_CONVERSION = YES;
				CLANG_WARN_OBJC_IMPLICIT_RETAIN_SELF = YES;
				CLANG_WARN_OBJC_LITERAL_CONVERSION = YES;
				CLANG_WARN_OBJC_ROOT_CLASS = YES_ERROR;
				CLANG_WARN_QUOTED_INCLUDE_IN_FRAMEWORK_HEADER = YES;
				CLANG_WARN_RANGE_LOOP_ANALYSIS = YES;
				CLANG_WARN_STRICT_PROTOTYPES = YES;
				CLANG_WARN_SUSPICIOUS_MOVE = YES;
				CLANG_WARN_UNGUARDED_AVAILABILITY = YES_AGGRESSIVE;
				CLANG_WARN_UNREACHABLE_CODE = YES;
				CLANG_WARN__DUPLICATE_METHOD_MATCH = YES;
				COPY_PHASE_STRIP = NO;
				DEBUG_INFORMATION_FORMAT = "dwarf-with-dsym";
				ENABLE_NS_ASSERTIONS = NO;
				ENABLE_STRICT_OBJC_MSGSEND = YES;
				GCC_C_LANGUAGE_STANDARD = gnu11;
				GCC_NO_COMMON_BLOCKS = YES;
				GCC_WARN_64_TO_32_BIT_CONVERSION = YES;
				GCC_WARN_ABOUT_RETURN_TYPE = YES_ERROR;
				GCC_WARN_UNDECLARED_SELECTOR = YES;
				GCC_WARN_UNINITIALIZED_AUTOS = YES_AGGRESSIVE;
				GCC_WARN_UNUSED_FUNCTION = YES;
				GCC_WARN_UNUSED_VARIABLE = YES;
				IPHONEOS_DEPLOYMENT_TARGET = 15.2;
				MTL_ENABLE_DEBUG_INFO = NO;
				MTL_FAST_MATH = YES;
				SDKROOT = iphoneos;
				SWIFT_COMPILATION_MODE = wholemodule;
				SWIFT_OPTIMIZATION_LEVEL = "-O";
				VALIDATE_PRODUCT = YES;
			};
			name = Release;
		};
		DE61A5CC27A26B540034D52D /* Debug */ = {
			isa = XCBuildConfiguration;
			buildSettings = {
				ASSETCATALOG_COMPILER_APPICON_NAME = AppIcon;
				ASSETCATALOG_COMPILER_GLOBAL_ACCENT_COLOR_NAME = AccentColor;
				CODE_SIGN_STYLE = Automatic;
				CURRENT_PROJECT_VERSION = 1;
				DEVELOPMENT_TEAM = J74H985T9L;
				GENERATE_INFOPLIST_FILE = YES;
				INFOPLIST_FILE = Subway/Info.plist;
				INFOPLIST_KEY_UIApplicationSupportsIndirectInputEvents = YES;
				INFOPLIST_KEY_UILaunchStoryboardName = LaunchScreen;
				INFOPLIST_KEY_UISupportedInterfaceOrientations_iPad = "UIInterfaceOrientationPortrait UIInterfaceOrientationPortraitUpsideDown UIInterfaceOrientationLandscapeLeft UIInterfaceOrientationLandscapeRight";
				INFOPLIST_KEY_UISupportedInterfaceOrientations_iPhone = "UIInterfaceOrientationPortrait UIInterfaceOrientationLandscapeLeft UIInterfaceOrientationLandscapeRight";
				LD_RUNPATH_SEARCH_PATHS = (
					"$(inherited)",
					"@executable_path/Frameworks",
				);
				MARKETING_VERSION = 1.0;
				PRODUCT_BUNDLE_IDENTIFIER = com.terry.Subway;
				PRODUCT_NAME = "$(TARGET_NAME)";
				SWIFT_EMIT_LOC_STRINGS = YES;
				SWIFT_VERSION = 5.0;
				TARGETED_DEVICE_FAMILY = "1,2";
			};
			name = Debug;
		};
		DE61A5CD27A26B540034D52D /* Release */ = {
			isa = XCBuildConfiguration;
			buildSettings = {
				ASSETCATALOG_COMPILER_APPICON_NAME = AppIcon;
				ASSETCATALOG_COMPILER_GLOBAL_ACCENT_COLOR_NAME = AccentColor;
				CODE_SIGN_STYLE = Automatic;
				CURRENT_PROJECT_VERSION = 1;
				DEVELOPMENT_TEAM = J74H985T9L;
				GENERATE_INFOPLIST_FILE = YES;
				INFOPLIST_FILE = Subway/Info.plist;
				INFOPLIST_KEY_UIApplicationSupportsIndirectInputEvents = YES;
				INFOPLIST_KEY_UILaunchStoryboardName = LaunchScreen;
				INFOPLIST_KEY_UISupportedInterfaceOrientations_iPad = "UIInterfaceOrientationPortrait UIInterfaceOrientationPortraitUpsideDown UIInterfaceOrientationLandscapeLeft UIInterfaceOrientationLandscapeRight";
				INFOPLIST_KEY_UISupportedInterfaceOrientations_iPhone = "UIInterfaceOrientationPortrait UIInterfaceOrientationLandscapeLeft UIInterfaceOrientationLandscapeRight";
				LD_RUNPATH_SEARCH_PATHS = (
					"$(inherited)",
					"@executable_path/Frameworks",
				);
				MARKETING_VERSION = 1.0;
				PRODUCT_BUNDLE_IDENTIFIER = com.terry.Subway;
				PRODUCT_NAME = "$(TARGET_NAME)";
				SWIFT_EMIT_LOC_STRINGS = YES;
				SWIFT_VERSION = 5.0;
				TARGETED_DEVICE_FAMILY = "1,2";
			};
			name = Release;
		};
/* End XCBuildConfiguration section */

/* Begin XCConfigurationList section */
		DE61A5B227A26B530034D52D /* Build configuration list for PBXProject "Subway" */ = {
			isa = XCConfigurationList;
			buildConfigurations = (
				DE61A5C927A26B540034D52D /* Debug */,
				DE61A5CA27A26B540034D52D /* Release */,
			);
			defaultConfigurationIsVisible = 0;
			defaultConfigurationName = Release;
		};
		DE61A5CB27A26B540034D52D /* Build configuration list for PBXNativeTarget "Subway" */ = {
			isa = XCConfigurationList;
			buildConfigurations = (
				DE61A5CC27A26B540034D52D /* Debug */,
				DE61A5CD27A26B540034D52D /* Release */,
			);
			defaultConfigurationIsVisible = 0;
			defaultConfigurationName = Release;
		};
/* End XCConfigurationList section */

/* Begin XCRemoteSwiftPackageReference section */
		DE61A5CE27A26D1B0034D52D /* XCRemoteSwiftPackageReference "SnapKit" */ = {
			isa = XCRemoteSwiftPackageReference;
			repositoryURL = "https://github.com/SnapKit/SnapKit.git";
			requirement = {
				kind = upToNextMajorVersion;
				minimumVersion = 5.0.0;
			};
		};
		DE61A5D127A26D490034D52D /* XCRemoteSwiftPackageReference "Alamofire" */ = {
			isa = XCRemoteSwiftPackageReference;
			repositoryURL = "https://github.com/Alamofire/Alamofire.git";
			requirement = {
				kind = upToNextMajorVersion;
				minimumVersion = 5.0.0;
			};
		};
/* End XCRemoteSwiftPackageReference section */

/* Begin XCSwiftPackageProductDependency section */
		DE61A5CF27A26D1B0034D52D /* SnapKit */ = {
			isa = XCSwiftPackageProductDependency;
			package = DE61A5CE27A26D1B0034D52D /* XCRemoteSwiftPackageReference "SnapKit" */;
			productName = SnapKit;
		};
		DE61A5D227A26D490034D52D /* Alamofire */ = {
			isa = XCSwiftPackageProductDependency;
			package = DE61A5D127A26D490034D52D /* XCRemoteSwiftPackageReference "Alamofire" */;
			productName = Alamofire;
		};
/* End XCSwiftPackageProductDependency section */
	};
	rootObject = DE61A5AF27A26B530034D52D /* Project object */;
}
